
Microsoft Visual Studio Solution File, Format Version 12.00
# Visual Studio Version 17
VisualStudioVersion = 17.0.31903.59
MinimumVisualStudioVersion = 10.0.40219.1
Project("{FAE04EC0-301F-11D3-BF4B-00C04F79EFBC}") = "ProjectManagement.API", "ProjectManagement.API\ProjectManagement.API.csproj", "{291BDF71-1F1A-4A7D-B681-65E762748A04}"
EndProject
Project("{FAE04EC0-301F-11D3-BF4B-00C04F79EFBC}") = "ProjectManagement.Application", "ProjectManagement.Application\ProjectManagement.Application.csproj", "{60132576-A84D-4C9C-8ED2-FCEE3779FD00}"
EndProject
Project("{FAE04EC0-301F-11D3-BF4B-00C04F79EFBC}") = "ProjectManagement.Domain", "ProjectManagement.Domain\ProjectManagement.Domain.csproj", "{7AD2E3BF-69F8-4AF0-9890-44E373A8A677}"
EndProject
Project("{FAE04EC0-301F-11D3-BF4B-00C04F79EFBC}") = "ProjectManagement.Infrastructure", "ProjectManagement.Infrastructure\ProjectManagement.Infrastructure.csproj", "{8CC2F3C5-B171-4B23-964E-523773490F70}"
EndProject
Global
	GlobalSection(SolutionConfigurationPlatforms) = preSolution
		Debug|Any CPU = Debug|Any CPU
		Debug|x64 = Debug|x64
		Debug|x86 = Debug|x86
		Release|Any CPU = Release|Any CPU
		Release|x64 = Release|x64
		Release|x86 = Release|x86
	EndGlobalSection
	GlobalSection(ProjectConfigurationPlatforms) = postSolution
		{291BDF71-1F1A-4A7D-B681-65E762748A04}.Debug|Any CPU.ActiveCfg = Debug|Any CPU
		{291BDF71-1F1A-4A7D-B681-65E762748A04}.Debug|Any CPU.Build.0 = Debug|Any CPU
		{291BDF71-1F1A-4A7D-B681-65E762748A04}.Debug|x64.ActiveCfg = Debug|Any CPU
		{291BDF71-1F1A-4A7D-B681-65E762748A04}.Debug|x64.Build.0 = Debug|Any CPU
		{291BDF71-1F1A-4A7D-B681-65E762748A04}.Debug|x86.ActiveCfg = Debug|Any CPU
		{291BDF71-1F1A-4A7D-B681-65E762748A04}.Debug|x86.Build.0 = Debug|Any CPU
		{291BDF71-1F1A-4A7D-B681-65E762748A04}.Release|Any CPU.ActiveCfg = Release|Any CPU
		{291BDF71-1F1A-4A7D-B681-65E762748A04}.Release|Any CPU.Build.0 = Release|Any CPU
		{291BDF71-1F1A-4A7D-B681-65E762748A04}.Release|x64.ActiveCfg = Release|Any CPU
		{291BDF71-1F1A-4A7D-B681-65E762748A04}.Release|x64.Build.0 = Release|Any CPU
		{291BDF71-1F1A-4A7D-B681-65E762748A04}.Release|x86.ActiveCfg = Release|Any CPU
		{291BDF71-1F1A-4A7D-B681-65E762748A04}.Release|x86.Build.0 = Release|Any CPU
		{60132576-A84D-4C9C-8ED2-FCEE3779FD00}.Debug|Any CPU.ActiveCfg = Debug|Any CPU
		{60132576-A84D-4C9C-8ED2-FCEE3779FD00}.Debug|Any CPU.Build.0 = Debug|Any CPU
		{60132576-A84D-4C9C-8ED2-FCEE3779FD00}.Debug|x64.ActiveCfg = Debug|Any CPU
		{60132576-A84D-4C9C-8ED2-FCEE3779FD00}.Debug|x64.Build.0 = Debug|Any CPU
		{60132576-A84D-4C9C-8ED2-FCEE3779FD00}.Debug|x86.ActiveCfg = Debug|Any CPU
		{60132576-A84D-4C9C-8ED2-FCEE3779FD00}.Debug|x86.Build.0 = Debug|Any CPU
		{60132576-A84D-4C9C-8ED2-FCEE3779FD00}.Release|Any CPU.ActiveCfg = Release|Any CPU
		{60132576-A84D-4C9C-8ED2-FCEE3779FD00}.Release|Any CPU.Build.0 = Release|Any CPU
		{60132576-A84D-4C9C-8ED2-FCEE3779FD00}.Release|x64.ActiveCfg = Release|Any CPU
		{60132576-A84D-4C9C-8ED2-FCEE3779FD00}.Release|x64.Build.0 = Release|Any CPU
		{60132576-A84D-4C9C-8ED2-FCEE3779FD00}.Release|x86.ActiveCfg = Release|Any CPU
		{60132576-A84D-4C9C-8ED2-FCEE3779FD00}.Release|x86.Build.0 = Release|Any CPU
		{7AD2E3BF-69F8-4AF0-9890-44E373A8A677}.Debug|Any CPU.ActiveCfg = Debug|Any CPU
		{7AD2E3BF-69F8-4AF0-9890-44E373A8A677}.Debug|Any CPU.Build.0 = Debug|Any CPU
		{7AD2E3BF-69F8-4AF0-9890-44E373A8A677}.Debug|x64.ActiveCfg = Debug|Any CPU
		{7AD2E3BF-69F8-4AF0-9890-44E373A8A677}.Debug|x64.Build.0 = Debug|Any CPU
		{7AD2E3BF-69F8-4AF0-9890-44E373A8A677}.Debug|x86.ActiveCfg = Debug|Any CPU
		{7AD2E3BF-69F8-4AF0-9890-44E373A8A677}.Debug|x86.Build.0 = Debug|Any CPU
		{7AD2E3BF-69F8-4AF0-9890-44E373A8A677}.Release|Any CPU.ActiveCfg = Release|Any CPU
		{7AD2E3BF-69F8-4AF0-9890-44E373A8A677}.Release|Any CPU.Build.0 = Release|Any CPU
		{7AD2E3BF-69F8-4AF0-9890-44E373A8A677}.Release|x64.ActiveCfg = Release|Any CPU
		{7AD2E3BF-69F8-4AF0-9890-44E373A8A677}.Release|x64.Build.0 = Release|Any CPU
		{7AD2E3BF-69F8-4AF0-9890-44E373A8A677}.Release|x86.ActiveCfg = Release|Any CPU
		{7AD2E3BF-69F8-4AF0-9890-44E373A8A677}.Release|x86.Build.0 = Release|Any CPU
		{8CC2F3C5-B171-4B23-964E-523773490F70}.Debug|Any CPU.ActiveCfg = Debug|Any CPU
		{8CC2F3C5-B171-4B23-964E-523773490F70}.Debug|Any CPU.Build.0 = Debug|Any CPU
		{8CC2F3C5-B171-4B23-964E-523773490F70}.Debug|x64.ActiveCfg = Debug|Any CPU
		{8CC2F3C5-B171-4B23-964E-523773490F70}.Debug|x64.Build.0 = Debug|Any CPU
		{8CC2F3C5-B171-4B23-964E-523773490F70}.Debug|x86.ActiveCfg = Debug|Any CPU
		{8CC2F3C5-B171-4B23-964E-523773490F70}.Debug|x86.Build.0 = Debug|Any CPU
		{8CC2F3C5-B171-4B23-964E-523773490F70}.Release|Any CPU.ActiveCfg = Release|Any CPU
		{8CC2F3C5-B171-4B23-964E-523773490F70}.Release|Any CPU.Build.0 = Release|Any CPU
		{8CC2F3C5-B171-4B23-964E-523773490F70}.Release|x64.ActiveCfg = Release|Any CPU
		{8CC2F3C5-B171-4B23-964E-523773490F70}.Release|x64.Build.0 = Release|Any CPU
		{8CC2F3C5-B171-4B23-964E-523773490F70}.Release|x86.ActiveCfg = Release|Any CPU
		{8CC2F3C5-B171-4B23-964E-523773490F70}.Release|x86.Build.0 = Release|Any CPU
	EndGlobalSection
	GlobalSection(SolutionProperties) = preSolution
		HideSolutionNode = FALSE
	EndGlobalSection
EndGlobal
